{
  "name": "js-dotnet",
  "version": "1.0.0",
  "lockfileVersion": 3,
  "requires": true,
  "packages": {
    "": {
      "name": "js-dotnet",
      "version": "1.0.0",
      "license": "MIT",
      "dependencies": {
        "node-api-dotnet": "^0.8.19"
      }
    },
    "node_modules/node-api-dotnet": {
      "version": "0.8.19",
      "resolved": "https://registry.npmjs.org/node-api-dotnet/-/node-api-dotnet-0.8.19.tgz",
      "integrity": "sha512-78rLSmzevFYvQo0E3UC57Q7oalgnN7YmsZpmhUuCwU2JAt8ro3F3JV1tabAsnmBC1votk2xwTQ3tLzdPTPzcvg==",
      "license": "MIT"
    }
  }
}
